<?xml version="1.0" encoding="utf-8"?>
<Project ToolsVersion="4.0">
  <ItemGroup>
    <Filter Include="Sources">
      <UniqueIdentifier>{3b0e6c07-3fc9-4f63-be64-64e4c81248f0}</UniqueIdentifier>
      <Extensions>cpp;c;cc;cxx;c++;cppm;ixx;def;odl;idl;hpj;bat;asm;asmx</Extensions>
    </Filter>
    <Filter Include="Sources\App">
      <UniqueIdentifier>{dc9001de-b074-4466-9636-f62cd1ecbc6b}</UniqueIdentifier>
    </Filter>
    <Filter Include="Sources\Buffer">
      <UniqueIdentifier>{46578475-02da-4a35-a551-91f627308a79}</UniqueIdentifier>
    </Filter>
    <Filter Include="Sources\Camera">
      <UniqueIdentifier>{3cba3e39-95cc-41e7-9b2d-d455e8cd1053}</UniqueIdentifier>
    </Filter>
    <Filter Include="Sources\GraphicsAPI">
      <UniqueIdentifier>{67fba587-1ae2-4e27-88bc-24e296e00e11}</UniqueIdentifier>
    </Filter>
    <Filter Include="Sources\Input">
      <UniqueIdentifier>{85826cb2-8309-43e2-ac90-e3888303e05b}</UniqueIdentifier>
    </Filter>
    <Filter Include="Sources\Light">
      <UniqueIdentifier>{f65cbb21-f4c6-4f76-baec-5db28885c107}</UniqueIdentifier>
    </Filter>
    <Filter Include="Sources\Material">
      <UniqueIdentifier>{4d83428c-1576-4124-abed-a954b51327e2}</UniqueIdentifier>
    </Filter>
    <Filter Include="Sources\math">
      <UniqueIdentifier>{6283018d-5302-45df-a7aa-becaedb164a1}</UniqueIdentifier>
    </Filter>
    <Filter Include="Sources\Mesh">
      <UniqueIdentifier>{17ee411b-3bdd-4df6-a13a-7b6aceb3856c}</UniqueIdentifier>
    </Filter>
    <Filter Include="Sources\ModelLoader">
      <UniqueIdentifier>{43e235e6-b66a-419a-8a27-441f8c21e66b}</UniqueIdentifier>
    </Filter>
    <Filter Include="Sources\Param">
      <UniqueIdentifier>{2417fc83-e4b2-400b-aea2-a04129295e73}</UniqueIdentifier>
    </Filter>
    <Filter Include="Sources\Scene">
      <UniqueIdentifier>{05ba34e9-b819-4dfb-8ff2-9e4f7f1c9a59}</UniqueIdentifier>
    </Filter>
    <Filter Include="Sources\System">
      <UniqueIdentifier>{db8eb50a-a34e-4a51-8d47-6364598010e8}</UniqueIdentifier>
    </Filter>
    <Filter Include="Sources\Texture">
      <UniqueIdentifier>{1fc23ddf-58fd-49e6-8ae7-ae92a1e9a327}</UniqueIdentifier>
    </Filter>
    <Filter Include="Sources\Utility">
      <UniqueIdentifier>{11c7fada-2c50-41e6-8990-e5b5d55d6ed5}</UniqueIdentifier>
    </Filter>
    <Filter Include="Sources\Window">
      <UniqueIdentifier>{28f6f9f9-9bc9-45bb-be38-c88c8d004734}</UniqueIdentifier>
    </Filter>
    <Filter Include="Sources\GraphicsAPI\DirectX12">
      <UniqueIdentifier>{795b0615-a23c-4a24-b9cc-b3343f563ad7}</UniqueIdentifier>
    </Filter>
    <Filter Include="Sources\GraphicsAPI\Shader">
      <UniqueIdentifier>{d7f80a55-1413-4080-89af-8e9d32834224}</UniqueIdentifier>
    </Filter>
    <Filter Include="Sources\GraphicsAPI\DirectX12\DX12Pipline">
      <UniqueIdentifier>{e23066ed-afd4-44ab-90c2-33ab01be6d80}</UniqueIdentifier>
    </Filter>
    <Filter Include="Sources\GraphicsAPI\DirectX12\DX12Resource">
      <UniqueIdentifier>{4bc53d89-aa62-432e-8f18-cc69dbb2a459}</UniqueIdentifier>
    </Filter>
    <Filter Include="Sources\GraphicsAPI\DirectX12\DX12Pipline\PSO">
      <UniqueIdentifier>{24a32dfe-8324-4c28-a537-97544851da06}</UniqueIdentifier>
    </Filter>
    <Filter Include="Sources\GraphicsAPI\DirectX12\DX12Pipline\PSOFactory">
      <UniqueIdentifier>{23f2f51a-e09b-46bb-b29b-3d91ff0496a9}</UniqueIdentifier>
    </Filter>
    <Filter Include="Sources\GraphicsAPI\DirectX12\DX12Resource\CBV">
      <UniqueIdentifier>{bb5b98f6-6690-4f7e-ad76-14c23961379f}</UniqueIdentifier>
    </Filter>
    <Filter Include="Sources\GraphicsAPI\DirectX12\DX12Resource\DSV">
      <UniqueIdentifier>{aaee0b7e-f773-42ad-bf22-e222e0f1aca6}</UniqueIdentifier>
    </Filter>
    <Filter Include="Sources\GraphicsAPI\DirectX12\DX12Resource\IBV">
      <UniqueIdentifier>{6f0d9204-b19d-45df-a704-e7c353e635dd}</UniqueIdentifier>
    </Filter>
    <Filter Include="Sources\GraphicsAPI\DirectX12\DX12Resource\RTV">
      <UniqueIdentifier>{60ad1b81-717c-4078-a314-89ccbb646e96}</UniqueIdentifier>
    </Filter>
    <Filter Include="Sources\GraphicsAPI\DirectX12\DX12Resource\SRV">
      <UniqueIdentifier>{3aede150-515a-4650-9c39-c7642f037dcd}</UniqueIdentifier>
    </Filter>
    <Filter Include="Sources\GraphicsAPI\DirectX12\DX12Resource\VBV">
      <UniqueIdentifier>{41b48948-46af-4963-9734-eabec02849a1}</UniqueIdentifier>
    </Filter>
    <Filter Include="Sources\ModelLoader\FBX">
      <UniqueIdentifier>{6261ae09-b2b5-4cfe-87bc-13cd9f182145}</UniqueIdentifier>
    </Filter>
    <Filter Include="Sources\ModelLoader\OBJ">
      <UniqueIdentifier>{682fe17f-eb81-473f-806d-b36f8030d2ea}</UniqueIdentifier>
    </Filter>
    <Filter Include="Sources\ModelLoader\PMX">
      <UniqueIdentifier>{0561ee78-3b95-4a71-a746-b617d5492733}</UniqueIdentifier>
    </Filter>
  </ItemGroup>
  <ItemGroup>
    <ClCompile Include="Sources\stdafx.cpp">
      <Filter>Sources</Filter>
    </ClCompile>
    <ClCompile Include="Sources\App\App.cpp">
      <Filter>Sources\App</Filter>
    </ClCompile>
    <ClCompile Include="Sources\Camera\Camera.cpp">
      <Filter>Sources\Camera</Filter>
    </ClCompile>
    <ClCompile Include="Sources\GraphicsAPI\DirectX12\DX12Command.cpp">
      <Filter>Sources\GraphicsAPI\DirectX12</Filter>
    </ClCompile>
    <ClCompile Include="Sources\GraphicsAPI\DirectX12\DX12Device.cpp">
      <Filter>Sources\GraphicsAPI\DirectX12</Filter>
    </ClCompile>
    <ClCompile Include="Sources\GraphicsAPI\DirectX12\DX12Graphics.cpp">
      <Filter>Sources\GraphicsAPI\DirectX12</Filter>
    </ClCompile>
    <ClCompile Include="Sources\GraphicsAPI\DirectX12\DX12GraphicsResourceBuilder.cpp">
      <Filter>Sources\GraphicsAPI\DirectX12</Filter>
    </ClCompile>
    <ClCompile Include="Sources\GraphicsAPI\DirectX12\DX12HeapAllocator.cpp">
      <Filter>Sources\GraphicsAPI\DirectX12</Filter>
    </ClCompile>
    <ClCompile Include="Sources\GraphicsAPI\DirectX12\DX12Pipline\PSO\DX12ComputePSO.cpp">
      <Filter>Sources\GraphicsAPI\DirectX12\DX12Pipline\PSO</Filter>
    </ClCompile>
    <ClCompile Include="Sources\GraphicsAPI\DirectX12\DX12Pipline\PSO\DX12GraphicsPSO.cpp">
      <Filter>Sources\GraphicsAPI\DirectX12\DX12Pipline\PSO</Filter>
    </ClCompile>
    <ClCompile Include="Sources\GraphicsAPI\DirectX12\DX12Pipline\PSOFactory\DX12PSOAbstractFactory.cpp">
      <Filter>Sources\GraphicsAPI\DirectX12\DX12Pipline\PSOFactory</Filter>
    </ClCompile>
    <ClCompile Include="Sources\GraphicsAPI\DirectX12\DX12Resource\CBV\DX12ConstantBurfferView.cpp">
      <Filter>Sources\GraphicsAPI\DirectX12\DX12Resource\CBV</Filter>
    </ClCompile>
    <ClCompile Include="Sources\GraphicsAPI\DirectX12\DX12Resource\DSV\DX12DepthStencilView.cpp">
      <Filter>Sources\GraphicsAPI\DirectX12\DX12Resource\DSV</Filter>
    </ClCompile>
    <ClCompile Include="Sources\GraphicsAPI\DirectX12\DX12Resource\IBV\DX12IndexBufferView.cpp">
      <Filter>Sources\GraphicsAPI\DirectX12\DX12Resource\IBV</Filter>
    </ClCompile>
    <ClCompile Include="Sources\GraphicsAPI\DirectX12\DX12Resource\RTV\DX12RenderTargetView.cpp">
      <Filter>Sources\GraphicsAPI\DirectX12\DX12Resource\RTV</Filter>
    </ClCompile>
    <ClCompile Include="Sources\GraphicsAPI\DirectX12\DX12Resource\SRV\DX12ShaderResourceView.cpp">
      <Filter>Sources\GraphicsAPI\DirectX12\DX12Resource\SRV</Filter>
    </ClCompile>
    <ClCompile Include="Sources\GraphicsAPI\DirectX12\DX12Resource\VBV\DX12VertexBufferView.cpp">
      <Filter>Sources\GraphicsAPI\DirectX12\DX12Resource\VBV</Filter>
    </ClCompile>
    <ClCompile Include="Sources\GraphicsAPI\Shader\Shader.cpp">
      <Filter>Sources\GraphicsAPI\Shader</Filter>
    </ClCompile>
    <ClCompile Include="Sources\Input\Input.cpp">
      <Filter>Sources\Input</Filter>
    </ClCompile>
    <ClCompile Include="Sources\Light\DirectionalLight.cpp">
      <Filter>Sources\Light</Filter>
    </ClCompile>
    <ClCompile Include="Sources\Light\PointLight.cpp">
      <Filter>Sources\Light</Filter>
    </ClCompile>
    <ClCompile Include="Sources\Material\Material.cpp">
      <Filter>Sources\Material</Filter>
    </ClCompile>
    <ClCompile Include="Sources\math\math.cpp">
      <Filter>Sources\math</Filter>
    </ClCompile>
    <ClCompile Include="Sources\Mesh\Mesh.cpp">
      <Filter>Sources\Mesh</Filter>
    </ClCompile>
    <ClCompile Include="Sources\Mesh\ModelMesh.cpp">
      <Filter>Sources\Mesh</Filter>
    </ClCompile>
    <ClCompile Include="Sources\ModelLoader\FBX\FBXLoader.cpp">
      <Filter>Sources\ModelLoader\FBX</Filter>
    </ClCompile>
    <ClCompile Include="Sources\ModelLoader\OBJ\OBJLoader.cpp">
      <Filter>Sources\ModelLoader\OBJ</Filter>
    </ClCompile>
    <ClCompile Include="Sources\ModelLoader\PMX\PMXLoader.cpp">
      <Filter>Sources\ModelLoader\PMX</Filter>
    </ClCompile>
    <ClCompile Include="Sources\Scene\Scene.cpp">
      <Filter>Sources\Scene</Filter>
    </ClCompile>
    <ClCompile Include="Sources\System\GameSystem.cpp">
      <Filter>Sources\System</Filter>
    </ClCompile>
    <ClCompile Include="Sources\System\ThreadPoolSystem.cpp">
      <Filter>Sources\System</Filter>
    </ClCompile>
    <ClCompile Include="Sources\Texture\Texture.cpp">
      <Filter>Sources\Texture</Filter>
    </ClCompile>
    <ClCompile Include="Sources\Utility\utility.cpp">
      <Filter>Sources\Utility</Filter>
    </ClCompile>
    <ClCompile Include="Sources\Window\Winow.cpp">
      <Filter>Sources\Window</Filter>
    </ClCompile>
  </ItemGroup>
  <ItemGroup>
    <ClInclude Include="Sources\stdafx.h">
      <Filter>Sources</Filter>
    </ClInclude>
    <ClInclude Include="Sources\App\App.h">
      <Filter>Sources\App</Filter>
    </ClInclude>
    <ClInclude Include="Sources\Buffer\CameraBuffer.h">
      <Filter>Sources\Buffer</Filter>
    </ClInclude>
    <ClInclude Include="Sources\Buffer\LightBuffer.h">
      <Filter>Sources\Buffer</Filter>
    </ClInclude>
    <ClInclude Include="Sources\Buffer\MaterialBuffer.h">
      <Filter>Sources\Buffer</Filter>
    </ClInclude>
    <ClInclude Include="Sources\Buffer\VertexBuffer.h">
      <Filter>Sources\Buffer</Filter>
    </ClInclude>
    <ClInclude Include="Sources\Buffer\WorldBuffer.h">
      <Filter>Sources\Buffer</Filter>
    </ClInclude>
    <ClInclude Include="Sources\Camera\Camera.h">
      <Filter>Sources\Camera</Filter>
    </ClInclude>
    <ClInclude Include="Sources\GraphicsAPI\DirectX12\DX12Command.h">
      <Filter>Sources\GraphicsAPI\DirectX12</Filter>
    </ClInclude>
    <ClInclude Include="Sources\GraphicsAPI\DirectX12\DX12Device.h">
      <Filter>Sources\GraphicsAPI\DirectX12</Filter>
    </ClInclude>
    <ClInclude Include="Sources\GraphicsAPI\DirectX12\DX12Graphics.h">
      <Filter>Sources\GraphicsAPI\DirectX12</Filter>
    </ClInclude>
    <ClInclude Include="Sources\GraphicsAPI\DirectX12\DX12GraphicsResourceBuilder.h">
      <Filter>Sources\GraphicsAPI\DirectX12</Filter>
    </ClInclude>
    <ClInclude Include="Sources\GraphicsAPI\DirectX12\DX12HeapAllocator.h">
      <Filter>Sources\GraphicsAPI\DirectX12</Filter>
    </ClInclude>
    <ClInclude Include="Sources\GraphicsAPI\DirectX12\GraphicsResourceType.h">
      <Filter>Sources\GraphicsAPI\DirectX12</Filter>
    </ClInclude>
    <ClInclude Include="Sources\GraphicsAPI\DirectX12\IGraphics.h">
      <Filter>Sources\GraphicsAPI\DirectX12</Filter>
    </ClInclude>
    <ClInclude Include="Sources\GraphicsAPI\DirectX12\DX12Pipline\PSO\DX12ComputePSO.h">
      <Filter>Sources\GraphicsAPI\DirectX12\DX12Pipline\PSO</Filter>
    </ClInclude>
    <ClInclude Include="Sources\GraphicsAPI\DirectX12\DX12Pipline\PSO\DX12GraphicsPSO.h">
      <Filter>Sources\GraphicsAPI\DirectX12\DX12Pipline\PSO</Filter>
    </ClInclude>
    <ClInclude Include="Sources\GraphicsAPI\DirectX12\DX12Pipline\PSO\IDX12PSO.h">
      <Filter>Sources\GraphicsAPI\DirectX12\DX12Pipline\PSO</Filter>
    </ClInclude>
    <ClInclude Include="Sources\GraphicsAPI\DirectX12\DX12Pipline\PSOFactory\DX12PSOAbstractFactory.h">
      <Filter>Sources\GraphicsAPI\DirectX12\DX12Pipline\PSOFactory</Filter>
    </ClInclude>
    <ClInclude Include="Sources\GraphicsAPI\DirectX12\DX12Pipline\PSOFactory\IDX12PSOAbstractFactory.h">
      <Filter>Sources\GraphicsAPI\DirectX12\DX12Pipline\PSOFactory</Filter>
    </ClInclude>
    <ClInclude Include="Sources\GraphicsAPI\DirectX12\DX12Resource\IDX12Resource.h">
      <Filter>Sources\GraphicsAPI\DirectX12\DX12Resource</Filter>
    </ClInclude>
    <ClInclude Include="Sources\GraphicsAPI\DirectX12\DX12Resource\CBV\DX12ConstantBurfferView.h">
      <Filter>Sources\GraphicsAPI\DirectX12\DX12Resource\CBV</Filter>
    </ClInclude>
    <ClInclude Include="Sources\GraphicsAPI\DirectX12\DX12Resource\DSV\DX12DepthStencilView.h">
      <Filter>Sources\GraphicsAPI\DirectX12\DX12Resource\DSV</Filter>
    </ClInclude>
    <ClInclude Include="Sources\GraphicsAPI\DirectX12\DX12Resource\IBV\DX12IndexBufferView.h">
      <Filter>Sources\GraphicsAPI\DirectX12\DX12Resource\IBV</Filter>
    </ClInclude>
    <ClInclude Include="Sources\GraphicsAPI\DirectX12\DX12Resource\RTV\DX12RenderTargetView.h">
      <Filter>Sources\GraphicsAPI\DirectX12\DX12Resource\RTV</Filter>
    </ClInclude>
    <ClInclude Include="Sources\GraphicsAPI\DirectX12\DX12Resource\SRV\DX12ShaderResourceView.h">
      <Filter>Sources\GraphicsAPI\DirectX12\DX12Resource\SRV</Filter>
    </ClInclude>
    <ClInclude Include="Sources\GraphicsAPI\DirectX12\DX12Resource\VBV\DX12VertexBufferView.h">
      <Filter>Sources\GraphicsAPI\DirectX12\DX12Resource\VBV</Filter>
    </ClInclude>
    <ClInclude Include="Sources\GraphicsAPI\Shader\IShader.h">
      <Filter>Sources\GraphicsAPI\Shader</Filter>
    </ClInclude>
    <ClInclude Include="Sources\GraphicsAPI\Shader\Shader.h">
      <Filter>Sources\GraphicsAPI\Shader</Filter>
    </ClInclude>
    <ClInclude Include="Sources\Input\Input.h">
      <Filter>Sources\Input</Filter>
    </ClInclude>
    <ClInclude Include="Sources\Light\DirectionalLight.h">
      <Filter>Sources\Light</Filter>
    </ClInclude>
    <ClInclude Include="Sources\Light\PointLight.h">
      <Filter>Sources\Light</Filter>
    </ClInclude>
    <ClInclude Include="Sources\Material\Material.h">
      <Filter>Sources\Material</Filter>
    </ClInclude>
    <ClInclude Include="Sources\math\math.h">
      <Filter>Sources\math</Filter>
    </ClInclude>
    <ClInclude Include="Sources\Mesh\Mesh.h">
      <Filter>Sources\Mesh</Filter>
    </ClInclude>
    <ClInclude Include="Sources\Mesh\ModelMesh.h">
      <Filter>Sources\Mesh</Filter>
    </ClInclude>
    <ClInclude Include="Sources\ModelLoader\IModelLoader.h">
      <Filter>Sources\ModelLoader</Filter>
    </ClInclude>
    <ClInclude Include="Sources\ModelLoader\FBX\FBXLoader.h">
      <Filter>Sources\ModelLoader\FBX</Filter>
    </ClInclude>
    <ClInclude Include="Sources\ModelLoader\OBJ\OBJLoader.h">
      <Filter>Sources\ModelLoader\OBJ</Filter>
    </ClInclude>
    <ClInclude Include="Sources\ModelLoader\PMX\PMXLoader.h">
      <Filter>Sources\ModelLoader\PMX</Filter>
    </ClInclude>
    <ClInclude Include="Sources\ModelLoader\PMX\PMXModelInfo.h">
      <Filter>Sources\ModelLoader\PMX</Filter>
    </ClInclude>
    <ClInclude Include="Sources\Param\BufferParam.h">
      <Filter>Sources\Param</Filter>
    </ClInclude>
    <ClInclude Include="Sources\Param\CubeTextureDataParam.h">
      <Filter>Sources\Param</Filter>
    </ClInclude>
    <ClInclude Include="Sources\Param\IParam.h">
      <Filter>Sources\Param</Filter>
    </ClInclude>
    <ClInclude Include="Sources\Param\ModelDrawInfoParam.h">
      <Filter>Sources\Param</Filter>
    </ClInclude>
    <ClInclude Include="Sources\Param\TextureDataParam.h">
      <Filter>Sources\Param</Filter>
    </ClInclude>
    <ClInclude Include="Sources\Scene\Scene.h">
      <Filter>Sources\Scene</Filter>
    </ClInclude>
    <ClInclude Include="Sources\System\GameSystem.h">
      <Filter>Sources\System</Filter>
    </ClInclude>
    <ClInclude Include="Sources\System\ThreadPoolSystem.h">
      <Filter>Sources\System</Filter>
    </ClInclude>
    <ClInclude Include="Sources\Texture\Texture.h">
      <Filter>Sources\Texture</Filter>
    </ClInclude>
    <ClInclude Include="Sources\Utility\utility.h">
      <Filter>Sources\Utility</Filter>
    </ClInclude>
    <ClInclude Include="Sources\Window\Winow.h">
      <Filter>Sources\Window</Filter>
    </ClInclude>
  </ItemGroup>
</Project>