<?xml version="1.0" encoding="utf-8"?>
<Project ToolsVersion="4.0">
  <ItemGroup>
    <Filter Include="Sources">
      <UniqueIdentifier>{1fd8d97c-78fb-4455-84f4-f2f3215d884b}</UniqueIdentifier>
      <Extensions>cpp;c;cc;cxx;c++;cppm;ixx;def;odl;idl;hpj;bat;asm;asmx</Extensions>
    </Filter>
    <Filter Include="Sources\App">
      <UniqueIdentifier>{8dc3659c-1c4f-4800-b93b-99cc16a3325e}</UniqueIdentifier>
    </Filter>
    <Filter Include="Sources\Buffer">
      <UniqueIdentifier>{b1aa261a-08b3-484c-9cd7-261f7b73f227}</UniqueIdentifier>
    </Filter>
    <Filter Include="Sources\Camera">
      <UniqueIdentifier>{482ab14e-692f-424a-8973-507248e3e159}</UniqueIdentifier>
    </Filter>
    <Filter Include="Sources\GraphicsAPI">
      <UniqueIdentifier>{5c2a2dd8-56ef-4203-8aae-4337b46e2d8f}</UniqueIdentifier>
    </Filter>
    <Filter Include="Sources\Input">
      <UniqueIdentifier>{88abd6f0-37eb-4819-84a4-c3fd280f1db2}</UniqueIdentifier>
    </Filter>
    <Filter Include="Sources\Light">
      <UniqueIdentifier>{1111ac6e-1347-4d95-b637-448adf40d18f}</UniqueIdentifier>
    </Filter>
    <Filter Include="Sources\Material">
      <UniqueIdentifier>{976ce400-70af-4251-93fe-3aeea2779b71}</UniqueIdentifier>
    </Filter>
    <Filter Include="Sources\math">
      <UniqueIdentifier>{1ce6ac76-6e0c-41f1-95ad-d695a3dedd46}</UniqueIdentifier>
    </Filter>
    <Filter Include="Sources\Mesh">
      <UniqueIdentifier>{2dec61a8-0c7b-4485-9fc3-c06c39393b92}</UniqueIdentifier>
    </Filter>
    <Filter Include="Sources\ModelLoader">
      <UniqueIdentifier>{54daf977-ea73-4130-956d-7b4726b6c828}</UniqueIdentifier>
    </Filter>
    <Filter Include="Sources\Object">
      <UniqueIdentifier>{2ea85326-666e-4fb5-9d55-d04c9a84bdbb}</UniqueIdentifier>
    </Filter>
    <Filter Include="Sources\Param">
      <UniqueIdentifier>{346d155a-846d-43ee-aff8-a54fefc81b99}</UniqueIdentifier>
    </Filter>
    <Filter Include="Sources\Scene">
      <UniqueIdentifier>{2eace2c8-cd13-4ef3-b7f5-cb7604e4767f}</UniqueIdentifier>
    </Filter>
    <Filter Include="Sources\System">
      <UniqueIdentifier>{e3ad8910-42ae-4480-9212-abd43cd506b1}</UniqueIdentifier>
    </Filter>
    <Filter Include="Sources\Texture">
      <UniqueIdentifier>{ab1c2ce7-e919-4199-9669-f510f13e00f5}</UniqueIdentifier>
    </Filter>
    <Filter Include="Sources\Utility">
      <UniqueIdentifier>{99978cbd-61f7-45e6-b75c-6c4aca14d9ec}</UniqueIdentifier>
    </Filter>
    <Filter Include="Sources\Window">
      <UniqueIdentifier>{c553b2ce-c951-4b23-9c22-b3718e784eaf}</UniqueIdentifier>
    </Filter>
    <Filter Include="Sources\GraphicsAPI\DirectX12">
      <UniqueIdentifier>{483fc718-95c9-4dea-82f0-d2fa10c254c9}</UniqueIdentifier>
    </Filter>
    <Filter Include="Sources\GraphicsAPI\Shader">
      <UniqueIdentifier>{39a2b31d-dcfb-4ed6-8195-6fea0da77b04}</UniqueIdentifier>
    </Filter>
    <Filter Include="Sources\GraphicsAPI\DirectX12\DX12Pipline">
      <UniqueIdentifier>{46608e12-87f9-4f0e-885c-d8cd9aaa876a}</UniqueIdentifier>
    </Filter>
    <Filter Include="Sources\GraphicsAPI\DirectX12\DX12Resource">
      <UniqueIdentifier>{bbeb5496-f830-4e92-a29c-385fb5a66315}</UniqueIdentifier>
    </Filter>
    <Filter Include="Sources\GraphicsAPI\DirectX12\DX12Pipline\PSO">
      <UniqueIdentifier>{86ef6a28-6a8e-4256-95be-98c843c66ac2}</UniqueIdentifier>
    </Filter>
    <Filter Include="Sources\GraphicsAPI\DirectX12\DX12Pipline\PSOFactory">
      <UniqueIdentifier>{61ddda0c-2671-422b-b425-07b07c974937}</UniqueIdentifier>
    </Filter>
    <Filter Include="Sources\GraphicsAPI\DirectX12\DX12Resource\CBV">
      <UniqueIdentifier>{cf0337b9-248d-4757-b2f2-996a4b6b55b0}</UniqueIdentifier>
    </Filter>
    <Filter Include="Sources\GraphicsAPI\DirectX12\DX12Resource\DSV">
      <UniqueIdentifier>{c0fda268-06f6-4824-a6c2-d837c52e2301}</UniqueIdentifier>
    </Filter>
    <Filter Include="Sources\GraphicsAPI\DirectX12\DX12Resource\IBV">
      <UniqueIdentifier>{916d8808-6f6e-4857-8ec3-7e8d68c95420}</UniqueIdentifier>
    </Filter>
    <Filter Include="Sources\GraphicsAPI\DirectX12\DX12Resource\RTV">
      <UniqueIdentifier>{68b7a3b8-ef68-4ba6-96c9-8dfb0990b498}</UniqueIdentifier>
    </Filter>
    <Filter Include="Sources\GraphicsAPI\DirectX12\DX12Resource\SRV">
      <UniqueIdentifier>{2b0b7c0b-77e4-4c42-82fe-938ec81ff1b3}</UniqueIdentifier>
    </Filter>
    <Filter Include="Sources\GraphicsAPI\DirectX12\DX12Resource\VBV">
      <UniqueIdentifier>{8b72bc1f-5292-4a87-bb3a-662ebd61a3a8}</UniqueIdentifier>
    </Filter>
    <Filter Include="Sources\ModelLoader\FBX">
      <UniqueIdentifier>{1d06bf53-d56e-4e77-85c1-1009e778ae39}</UniqueIdentifier>
    </Filter>
    <Filter Include="Sources\ModelLoader\OBJ">
      <UniqueIdentifier>{f605ad4d-7df7-455e-98b6-e6f9391d29b2}</UniqueIdentifier>
    </Filter>
    <Filter Include="Sources\ModelLoader\PMX">
      <UniqueIdentifier>{00709900-06b9-46fd-89b9-27a9bccffdac}</UniqueIdentifier>
    </Filter>
  </ItemGroup>
  <ItemGroup>
    <ClCompile Include="Sources\stdafx.cpp">
      <Filter>Sources</Filter>
    </ClCompile>
    <ClCompile Include="Sources\App\App.cpp">
      <Filter>Sources\App</Filter>
    </ClCompile>
    <ClCompile Include="Sources\Camera\Camera.cpp">
      <Filter>Sources\Camera</Filter>
    </ClCompile>
    <ClCompile Include="Sources\GraphicsAPI\DirectX12\DX12Command.cpp">
      <Filter>Sources\GraphicsAPI\DirectX12</Filter>
    </ClCompile>
    <ClCompile Include="Sources\GraphicsAPI\DirectX12\DX12Device.cpp">
      <Filter>Sources\GraphicsAPI\DirectX12</Filter>
    </ClCompile>
    <ClCompile Include="Sources\GraphicsAPI\DirectX12\DX12Graphics.cpp">
      <Filter>Sources\GraphicsAPI\DirectX12</Filter>
    </ClCompile>
    <ClCompile Include="Sources\GraphicsAPI\DirectX12\DX12GraphicsResourceBuilder.cpp">
      <Filter>Sources\GraphicsAPI\DirectX12</Filter>
    </ClCompile>
    <ClCompile Include="Sources\GraphicsAPI\DirectX12\DX12HeapAllocator.cpp">
      <Filter>Sources\GraphicsAPI\DirectX12</Filter>
    </ClCompile>
    <ClCompile Include="Sources\GraphicsAPI\DirectX12\DX12Pipline\PSO\DX12ComputePSO.cpp">
      <Filter>Sources\GraphicsAPI\DirectX12\DX12Pipline\PSO</Filter>
    </ClCompile>
    <ClCompile Include="Sources\GraphicsAPI\DirectX12\DX12Pipline\PSO\DX12GraphicsPSO.cpp">
      <Filter>Sources\GraphicsAPI\DirectX12\DX12Pipline\PSO</Filter>
    </ClCompile>
    <ClCompile Include="Sources\GraphicsAPI\DirectX12\DX12Pipline\PSOFactory\DX12GraphicsPSOAbstractFactory.cpp">
      <Filter>Sources\GraphicsAPI\DirectX12\DX12Pipline\PSOFactory</Filter>
    </ClCompile>
    <ClCompile Include="Sources\GraphicsAPI\DirectX12\DX12Resource\CBV\DX12ConstantBurfferView.cpp">
      <Filter>Sources\GraphicsAPI\DirectX12\DX12Resource\CBV</Filter>
    </ClCompile>
    <ClCompile Include="Sources\GraphicsAPI\DirectX12\DX12Resource\DSV\DX12DepthStencilView.cpp">
      <Filter>Sources\GraphicsAPI\DirectX12\DX12Resource\DSV</Filter>
    </ClCompile>
    <ClCompile Include="Sources\GraphicsAPI\DirectX12\DX12Resource\IBV\DX12IndexBufferView.cpp">
      <Filter>Sources\GraphicsAPI\DirectX12\DX12Resource\IBV</Filter>
    </ClCompile>
    <ClCompile Include="Sources\GraphicsAPI\DirectX12\DX12Resource\RTV\DX12RenderTargetView.cpp">
      <Filter>Sources\GraphicsAPI\DirectX12\DX12Resource\RTV</Filter>
    </ClCompile>
    <ClCompile Include="Sources\GraphicsAPI\DirectX12\DX12Resource\SRV\DX12ShaderResourceView.cpp">
      <Filter>Sources\GraphicsAPI\DirectX12\DX12Resource\SRV</Filter>
    </ClCompile>
    <ClCompile Include="Sources\GraphicsAPI\DirectX12\DX12Resource\VBV\DX12VertexBufferView.cpp">
      <Filter>Sources\GraphicsAPI\DirectX12\DX12Resource\VBV</Filter>
    </ClCompile>
    <ClCompile Include="Sources\GraphicsAPI\Shader\Shader.cpp">
      <Filter>Sources\GraphicsAPI\Shader</Filter>
    </ClCompile>
    <ClCompile Include="Sources\Input\Input.cpp">
      <Filter>Sources\Input</Filter>
    </ClCompile>
    <ClCompile Include="Sources\Light\DirectionalLight.cpp">
      <Filter>Sources\Light</Filter>
    </ClCompile>
    <ClCompile Include="Sources\Light\PointLight.cpp">
      <Filter>Sources\Light</Filter>
    </ClCompile>
    <ClCompile Include="Sources\Material\Material.cpp">
      <Filter>Sources\Material</Filter>
    </ClCompile>
    <ClCompile Include="Sources\math\math.cpp">
      <Filter>Sources\math</Filter>
    </ClCompile>
    <ClCompile Include="Sources\Mesh\Mesh.cpp">
      <Filter>Sources\Mesh</Filter>
    </ClCompile>
    <ClCompile Include="Sources\Mesh\ModelMesh.cpp">
      <Filter>Sources\Mesh</Filter>
    </ClCompile>
    <ClCompile Include="Sources\ModelLoader\FBX\FBXLoader.cpp">
      <Filter>Sources\ModelLoader\FBX</Filter>
    </ClCompile>
    <ClCompile Include="Sources\ModelLoader\OBJ\OBJLoader.cpp">
      <Filter>Sources\ModelLoader\OBJ</Filter>
    </ClCompile>
    <ClCompile Include="Sources\ModelLoader\PMX\PMXLoader.cpp">
      <Filter>Sources\ModelLoader\PMX</Filter>
    </ClCompile>
    <ClCompile Include="Sources\Scene\Scene.cpp">
      <Filter>Sources\Scene</Filter>
    </ClCompile>
    <ClCompile Include="Sources\System\GameSystem.cpp">
      <Filter>Sources\System</Filter>
    </ClCompile>
    <ClCompile Include="Sources\System\ShaderCacheSystem.cpp">
      <Filter>Sources\System</Filter>
    </ClCompile>
    <ClCompile Include="Sources\System\ThreadPoolSystem.cpp">
      <Filter>Sources\System</Filter>
    </ClCompile>
    <ClCompile Include="Sources\Texture\Texture.cpp">
      <Filter>Sources\Texture</Filter>
    </ClCompile>
    <ClCompile Include="Sources\Utility\utility.cpp">
      <Filter>Sources\Utility</Filter>
    </ClCompile>
    <ClCompile Include="Sources\Window\Winow.cpp">
      <Filter>Sources\Window</Filter>
    </ClCompile>
  </ItemGroup>
  <ItemGroup>
    <ClInclude Include="Sources\stdafx.h">
      <Filter>Sources</Filter>
    </ClInclude>
    <ClInclude Include="Sources\App\App.h">
      <Filter>Sources\App</Filter>
    </ClInclude>
    <ClInclude Include="Sources\Buffer\CameraBuffer.h">
      <Filter>Sources\Buffer</Filter>
    </ClInclude>
    <ClInclude Include="Sources\Buffer\LightBuffer.h">
      <Filter>Sources\Buffer</Filter>
    </ClInclude>
    <ClInclude Include="Sources\Buffer\MaterialBuffer.h">
      <Filter>Sources\Buffer</Filter>
    </ClInclude>
    <ClInclude Include="Sources\Buffer\VertexBuffer.h">
      <Filter>Sources\Buffer</Filter>
    </ClInclude>
    <ClInclude Include="Sources\Buffer\WorldBuffer.h">
      <Filter>Sources\Buffer</Filter>
    </ClInclude>
    <ClInclude Include="Sources\Camera\Camera.h">
      <Filter>Sources\Camera</Filter>
    </ClInclude>
    <ClInclude Include="Sources\GraphicsAPI\DirectX12\DX12Command.h">
      <Filter>Sources\GraphicsAPI\DirectX12</Filter>
    </ClInclude>
    <ClInclude Include="Sources\GraphicsAPI\DirectX12\DX12Device.h">
      <Filter>Sources\GraphicsAPI\DirectX12</Filter>
    </ClInclude>
    <ClInclude Include="Sources\GraphicsAPI\DirectX12\DX12Graphics.h">
      <Filter>Sources\GraphicsAPI\DirectX12</Filter>
    </ClInclude>
    <ClInclude Include="Sources\GraphicsAPI\DirectX12\DX12GraphicsResourceBuilder.h">
      <Filter>Sources\GraphicsAPI\DirectX12</Filter>
    </ClInclude>
    <ClInclude Include="Sources\GraphicsAPI\DirectX12\DX12HeapAllocator.h">
      <Filter>Sources\GraphicsAPI\DirectX12</Filter>
    </ClInclude>
    <ClInclude Include="Sources\GraphicsAPI\DirectX12\GraphicsResourceType.h">
      <Filter>Sources\GraphicsAPI\DirectX12</Filter>
    </ClInclude>
    <ClInclude Include="Sources\GraphicsAPI\DirectX12\IGraphics.h">
      <Filter>Sources\GraphicsAPI\DirectX12</Filter>
    </ClInclude>
    <ClInclude Include="Sources\GraphicsAPI\DirectX12\DX12Pipline\PSO\DX12ComputePSO.h">
      <Filter>Sources\GraphicsAPI\DirectX12\DX12Pipline\PSO</Filter>
    </ClInclude>
    <ClInclude Include="Sources\GraphicsAPI\DirectX12\DX12Pipline\PSO\DX12GraphicsPSO.h">
      <Filter>Sources\GraphicsAPI\DirectX12\DX12Pipline\PSO</Filter>
    </ClInclude>
    <ClInclude Include="Sources\GraphicsAPI\DirectX12\DX12Pipline\PSO\IDX12PSO.h">
      <Filter>Sources\GraphicsAPI\DirectX12\DX12Pipline\PSO</Filter>
    </ClInclude>
    <ClInclude Include="Sources\GraphicsAPI\DirectX12\DX12Pipline\PSOFactory\DX12GraphicsPSOAbstractFactory.h">
      <Filter>Sources\GraphicsAPI\DirectX12\DX12Pipline\PSOFactory</Filter>
    </ClInclude>
    <ClInclude Include="Sources\GraphicsAPI\DirectX12\DX12Pipline\PSOFactory\IDX12PSOAbstractFactory.h">
      <Filter>Sources\GraphicsAPI\DirectX12\DX12Pipline\PSOFactory</Filter>
    </ClInclude>
    <ClInclude Include="Sources\GraphicsAPI\DirectX12\DX12Resource\IDX12Resource.h">
      <Filter>Sources\GraphicsAPI\DirectX12\DX12Resource</Filter>
    </ClInclude>
    <ClInclude Include="Sources\GraphicsAPI\DirectX12\DX12Resource\CBV\DX12ConstantBurfferView.h">
      <Filter>Sources\GraphicsAPI\DirectX12\DX12Resource\CBV</Filter>
    </ClInclude>
    <ClInclude Include="Sources\GraphicsAPI\DirectX12\DX12Resource\DSV\DX12DepthStencilView.h">
      <Filter>Sources\GraphicsAPI\DirectX12\DX12Resource\DSV</Filter>
    </ClInclude>
    <ClInclude Include="Sources\GraphicsAPI\DirectX12\DX12Resource\IBV\DX12IndexBufferView.h">
      <Filter>Sources\GraphicsAPI\DirectX12\DX12Resource\IBV</Filter>
    </ClInclude>
    <ClInclude Include="Sources\GraphicsAPI\DirectX12\DX12Resource\RTV\DX12RenderTargetView.h">
      <Filter>Sources\GraphicsAPI\DirectX12\DX12Resource\RTV</Filter>
    </ClInclude>
    <ClInclude Include="Sources\GraphicsAPI\DirectX12\DX12Resource\SRV\DX12ShaderResourceView.h">
      <Filter>Sources\GraphicsAPI\DirectX12\DX12Resource\SRV</Filter>
    </ClInclude>
    <ClInclude Include="Sources\GraphicsAPI\DirectX12\DX12Resource\VBV\DX12VertexBufferView.h">
      <Filter>Sources\GraphicsAPI\DirectX12\DX12Resource\VBV</Filter>
    </ClInclude>
    <ClInclude Include="Sources\GraphicsAPI\Shader\IShader.h">
      <Filter>Sources\GraphicsAPI\Shader</Filter>
    </ClInclude>
    <ClInclude Include="Sources\GraphicsAPI\Shader\Shader.h">
      <Filter>Sources\GraphicsAPI\Shader</Filter>
    </ClInclude>
    <ClInclude Include="Sources\Input\Input.h">
      <Filter>Sources\Input</Filter>
    </ClInclude>
    <ClInclude Include="Sources\Light\DirectionalLight.h">
      <Filter>Sources\Light</Filter>
    </ClInclude>
    <ClInclude Include="Sources\Light\PointLight.h">
      <Filter>Sources\Light</Filter>
    </ClInclude>
    <ClInclude Include="Sources\Material\Material.h">
      <Filter>Sources\Material</Filter>
    </ClInclude>
    <ClInclude Include="Sources\math\math.h">
      <Filter>Sources\math</Filter>
    </ClInclude>
    <ClInclude Include="Sources\Mesh\Mesh.h">
      <Filter>Sources\Mesh</Filter>
    </ClInclude>
    <ClInclude Include="Sources\Mesh\ModelMesh.h">
      <Filter>Sources\Mesh</Filter>
    </ClInclude>
    <ClInclude Include="Sources\ModelLoader\IModelLoader.h">
      <Filter>Sources\ModelLoader</Filter>
    </ClInclude>
    <ClInclude Include="Sources\ModelLoader\FBX\FBXLoader.h">
      <Filter>Sources\ModelLoader\FBX</Filter>
    </ClInclude>
    <ClInclude Include="Sources\ModelLoader\OBJ\OBJLoader.h">
      <Filter>Sources\ModelLoader\OBJ</Filter>
    </ClInclude>
    <ClInclude Include="Sources\ModelLoader\PMX\PMXLoader.h">
      <Filter>Sources\ModelLoader\PMX</Filter>
    </ClInclude>
    <ClInclude Include="Sources\ModelLoader\PMX\PMXModelInfo.h">
      <Filter>Sources\ModelLoader\PMX</Filter>
    </ClInclude>
    <ClInclude Include="Sources\Object\IObject.h">
      <Filter>Sources\Object</Filter>
    </ClInclude>
    <ClInclude Include="Sources\Param\BufferParam.h">
      <Filter>Sources\Param</Filter>
    </ClInclude>
    <ClInclude Include="Sources\Param\CubeTextureDataParam.h">
      <Filter>Sources\Param</Filter>
    </ClInclude>
    <ClInclude Include="Sources\Param\IParam.h">
      <Filter>Sources\Param</Filter>
    </ClInclude>
    <ClInclude Include="Sources\Param\ModelDrawInfoParam.h">
      <Filter>Sources\Param</Filter>
    </ClInclude>
    <ClInclude Include="Sources\Param\ShaderParam.h">
      <Filter>Sources\Param</Filter>
    </ClInclude>
    <ClInclude Include="Sources\Param\TextureDataParam.h">
      <Filter>Sources\Param</Filter>
    </ClInclude>
    <ClInclude Include="Sources\Scene\Scene.h">
      <Filter>Sources\Scene</Filter>
    </ClInclude>
    <ClInclude Include="Sources\System\GameSystem.h">
      <Filter>Sources\System</Filter>
    </ClInclude>
    <ClInclude Include="Sources\System\ShaderCacheSystem.h">
      <Filter>Sources\System</Filter>
    </ClInclude>
    <ClInclude Include="Sources\System\ThreadPoolSystem.h">
      <Filter>Sources\System</Filter>
    </ClInclude>
    <ClInclude Include="Sources\Texture\Texture.h">
      <Filter>Sources\Texture</Filter>
    </ClInclude>
    <ClInclude Include="Sources\Utility\utility.h">
      <Filter>Sources\Utility</Filter>
    </ClInclude>
    <ClInclude Include="Sources\Window\Winow.h">
      <Filter>Sources\Window</Filter>
    </ClInclude>
  </ItemGroup>
</Project>