<?xml version="1.0" encoding="utf-8"?>
<Project ToolsVersion="4.0">
  <ItemGroup>
    <Filter Include="Sources">
      <UniqueIdentifier>{9f485aae-f0e9-44e4-98e8-4ee5185ea377}</UniqueIdentifier>
      <Extensions>cpp;c;cc;cxx;c++;cppm;ixx;def;odl;idl;hpj;bat;asm;asmx</Extensions>
    </Filter>
    <Filter Include="Sources\App">
      <UniqueIdentifier>{a956f847-f4ce-44c7-8881-50ce1c3241df}</UniqueIdentifier>
    </Filter>
    <Filter Include="Sources\Buffer">
      <UniqueIdentifier>{4ef68faf-0396-4df1-b431-c900e1f4b4ec}</UniqueIdentifier>
    </Filter>
    <Filter Include="Sources\Camera">
      <UniqueIdentifier>{ffc0cb9a-ac35-4355-8b32-09212148e65d}</UniqueIdentifier>
    </Filter>
    <Filter Include="Sources\GraphicsAPI">
      <UniqueIdentifier>{0618dc4d-b39f-408a-a128-fe992ebb3ab7}</UniqueIdentifier>
    </Filter>
    <Filter Include="Sources\Input">
      <UniqueIdentifier>{00a90823-71a4-49e6-8b61-a11f1cea250d}</UniqueIdentifier>
    </Filter>
    <Filter Include="Sources\Material">
      <UniqueIdentifier>{489f428c-5e9b-4885-867b-7a6e49134fe8}</UniqueIdentifier>
    </Filter>
    <Filter Include="Sources\math">
      <UniqueIdentifier>{c2d0830a-f08e-433a-ad36-2b4f4e0465c4}</UniqueIdentifier>
    </Filter>
    <Filter Include="Sources\Mesh">
      <UniqueIdentifier>{a6e5e49b-1919-49da-872d-129b84f2beb7}</UniqueIdentifier>
    </Filter>
    <Filter Include="Sources\ModelLoader">
      <UniqueIdentifier>{39fcbabc-bbd4-45bb-b789-bcd1fb01cbd8}</UniqueIdentifier>
    </Filter>
    <Filter Include="Sources\Param">
      <UniqueIdentifier>{73278b28-aa79-4ef1-a21c-5be8cc222565}</UniqueIdentifier>
    </Filter>
    <Filter Include="Sources\Scene">
      <UniqueIdentifier>{1a18ef7a-365f-4881-a527-c2c6d88e446d}</UniqueIdentifier>
    </Filter>
    <Filter Include="Sources\System">
      <UniqueIdentifier>{dba107b2-161b-4225-895b-852118a16e7b}</UniqueIdentifier>
    </Filter>
    <Filter Include="Sources\Texture">
      <UniqueIdentifier>{d5cc4100-3730-4450-b583-1037ef11f9c7}</UniqueIdentifier>
    </Filter>
    <Filter Include="Sources\Utility">
      <UniqueIdentifier>{a6d2df6b-7437-49fd-89dc-75b70e10d744}</UniqueIdentifier>
    </Filter>
    <Filter Include="Sources\Window">
      <UniqueIdentifier>{086a21da-6d4c-4ae7-b2a0-821ea9e1e8f9}</UniqueIdentifier>
    </Filter>
    <Filter Include="Sources\GraphicsAPI\DirectX12">
      <UniqueIdentifier>{f6231e9e-c922-4975-a9d7-a7d6e272083f}</UniqueIdentifier>
    </Filter>
    <Filter Include="Sources\GraphicsAPI\Shader">
      <UniqueIdentifier>{872d0b61-279c-4692-a1d9-65a6c4febfc3}</UniqueIdentifier>
    </Filter>
    <Filter Include="Sources\GraphicsAPI\DirectX12\DX12Resource">
      <UniqueIdentifier>{85d7b35e-fca0-4bb1-b2b5-8a437a52011c}</UniqueIdentifier>
    </Filter>
    <Filter Include="Sources\GraphicsAPI\DirectX12\DX12Resource\CBV">
      <UniqueIdentifier>{a7716950-c8ae-4632-80cf-5660df13d406}</UniqueIdentifier>
    </Filter>
    <Filter Include="Sources\GraphicsAPI\DirectX12\DX12Resource\DSV">
      <UniqueIdentifier>{14c93ce5-9e75-45c9-a3e2-0f67ae77d8ad}</UniqueIdentifier>
    </Filter>
    <Filter Include="Sources\GraphicsAPI\DirectX12\DX12Resource\IBV">
      <UniqueIdentifier>{3eb05d29-af57-4063-bdc6-0559a376b11f}</UniqueIdentifier>
    </Filter>
    <Filter Include="Sources\GraphicsAPI\DirectX12\DX12Resource\RTV">
      <UniqueIdentifier>{8c6ebba9-385d-4b60-8d34-dbf420f272fc}</UniqueIdentifier>
    </Filter>
    <Filter Include="Sources\GraphicsAPI\DirectX12\DX12Resource\SRV">
      <UniqueIdentifier>{68ad5275-941d-4f12-b372-595d014dd458}</UniqueIdentifier>
    </Filter>
    <Filter Include="Sources\GraphicsAPI\DirectX12\DX12Resource\VBV">
      <UniqueIdentifier>{cf3005c0-b645-4932-a0e5-d20c891860b6}</UniqueIdentifier>
    </Filter>
    <Filter Include="Sources\GraphicsAPI\Shader\DirectX">
      <UniqueIdentifier>{7da0df65-e437-40c4-80ca-1a4c36d6d37d}</UniqueIdentifier>
    </Filter>
    <Filter Include="Sources\ModelLoader\FBX">
      <UniqueIdentifier>{b16b62d4-a044-40ac-b6a4-71c356b4124f}</UniqueIdentifier>
    </Filter>
    <Filter Include="Sources\ModelLoader\OBJ">
      <UniqueIdentifier>{ff4db03c-0696-4d5b-ad11-bbe3d15f90bf}</UniqueIdentifier>
    </Filter>
  </ItemGroup>
  <ItemGroup>
    <ClCompile Include="Sources\stdafx.cpp">
      <Filter>Sources</Filter>
    </ClCompile>
    <ClCompile Include="Sources\App\App.cpp">
      <Filter>Sources\App</Filter>
    </ClCompile>
    <ClCompile Include="Sources\Camera\Camera.cpp">
      <Filter>Sources\Camera</Filter>
    </ClCompile>
    <ClCompile Include="Sources\GraphicsAPI\DirectX12\DX12Command.cpp">
      <Filter>Sources\GraphicsAPI\DirectX12</Filter>
    </ClCompile>
    <ClCompile Include="Sources\GraphicsAPI\DirectX12\DX12Device.cpp">
      <Filter>Sources\GraphicsAPI\DirectX12</Filter>
    </ClCompile>
    <ClCompile Include="Sources\GraphicsAPI\DirectX12\DX12Graphics.cpp">
      <Filter>Sources\GraphicsAPI\DirectX12</Filter>
    </ClCompile>
    <ClCompile Include="Sources\GraphicsAPI\DirectX12\DX12GraphicsResourceBuilder.cpp">
      <Filter>Sources\GraphicsAPI\DirectX12</Filter>
    </ClCompile>
    <ClCompile Include="Sources\GraphicsAPI\DirectX12\DX12HeapAllocator.cpp">
      <Filter>Sources\GraphicsAPI\DirectX12</Filter>
    </ClCompile>
    <ClCompile Include="Sources\GraphicsAPI\DirectX12\DX12Resource\CBV\DX12ConstantBurfferView.cpp">
      <Filter>Sources\GraphicsAPI\DirectX12\DX12Resource\CBV</Filter>
    </ClCompile>
    <ClCompile Include="Sources\GraphicsAPI\DirectX12\DX12Resource\DSV\DX12DepthStencilView.cpp">
      <Filter>Sources\GraphicsAPI\DirectX12\DX12Resource\DSV</Filter>
    </ClCompile>
    <ClCompile Include="Sources\GraphicsAPI\DirectX12\DX12Resource\IBV\DX12IndexBufferView.cpp">
      <Filter>Sources\GraphicsAPI\DirectX12\DX12Resource\IBV</Filter>
    </ClCompile>
    <ClCompile Include="Sources\GraphicsAPI\DirectX12\DX12Resource\RTV\DX12RenderTargetView.cpp">
      <Filter>Sources\GraphicsAPI\DirectX12\DX12Resource\RTV</Filter>
    </ClCompile>
    <ClCompile Include="Sources\GraphicsAPI\DirectX12\DX12Resource\SRV\DX12ShaderResourceView.cpp">
      <Filter>Sources\GraphicsAPI\DirectX12\DX12Resource\SRV</Filter>
    </ClCompile>
    <ClCompile Include="Sources\GraphicsAPI\DirectX12\DX12Resource\VBV\DX12VertexBufferView.cpp">
      <Filter>Sources\GraphicsAPI\DirectX12\DX12Resource\VBV</Filter>
    </ClCompile>
    <ClCompile Include="Sources\GraphicsAPI\Shader\DirectX\ComputePipeline.cpp">
      <Filter>Sources\GraphicsAPI\Shader\DirectX</Filter>
    </ClCompile>
    <ClCompile Include="Sources\GraphicsAPI\Shader\DirectX\GraphicsPipeline.cpp">
      <Filter>Sources\GraphicsAPI\Shader\DirectX</Filter>
    </ClCompile>
    <ClCompile Include="Sources\GraphicsAPI\Shader\DirectX\Shader.cpp">
      <Filter>Sources\GraphicsAPI\Shader\DirectX</Filter>
    </ClCompile>
    <ClCompile Include="Sources\Input\Input.cpp">
      <Filter>Sources\Input</Filter>
    </ClCompile>
    <ClCompile Include="Sources\Material\Material.cpp">
      <Filter>Sources\Material</Filter>
    </ClCompile>
    <ClCompile Include="Sources\math\math.cpp">
      <Filter>Sources\math</Filter>
    </ClCompile>
    <ClCompile Include="Sources\Mesh\Mesh.cpp">
      <Filter>Sources\Mesh</Filter>
    </ClCompile>
    <ClCompile Include="Sources\Mesh\ModelMesh.cpp">
      <Filter>Sources\Mesh</Filter>
    </ClCompile>
    <ClCompile Include="Sources\ModelLoader\FBX\FBXLoader.cpp">
      <Filter>Sources\ModelLoader\FBX</Filter>
    </ClCompile>
    <ClCompile Include="Sources\ModelLoader\OBJ\OBJLoader.cpp">
      <Filter>Sources\ModelLoader\OBJ</Filter>
    </ClCompile>
    <ClCompile Include="Sources\Scene\Scene.cpp">
      <Filter>Sources\Scene</Filter>
    </ClCompile>
    <ClCompile Include="Sources\System\GameSystem.cpp">
      <Filter>Sources\System</Filter>
    </ClCompile>
    <ClCompile Include="Sources\Texture\Texture.cpp">
      <Filter>Sources\Texture</Filter>
    </ClCompile>
    <ClCompile Include="Sources\Utility\utility.cpp">
      <Filter>Sources\Utility</Filter>
    </ClCompile>
    <ClCompile Include="Sources\Window\Winow.cpp">
      <Filter>Sources\Window</Filter>
    </ClCompile>
  </ItemGroup>
  <ItemGroup>
    <ClInclude Include="Sources\stdafx.h">
      <Filter>Sources</Filter>
    </ClInclude>
    <ClInclude Include="Sources\App\App.h">
      <Filter>Sources\App</Filter>
    </ClInclude>
    <ClInclude Include="Sources\Buffer\CameraBuffer.h">
      <Filter>Sources\Buffer</Filter>
    </ClInclude>
    <ClInclude Include="Sources\Buffer\MaterialBuffer.h">
      <Filter>Sources\Buffer</Filter>
    </ClInclude>
    <ClInclude Include="Sources\Buffer\VertexBuffer.h">
      <Filter>Sources\Buffer</Filter>
    </ClInclude>
    <ClInclude Include="Sources\Buffer\WorldBuffer.h">
      <Filter>Sources\Buffer</Filter>
    </ClInclude>
    <ClInclude Include="Sources\Camera\Camera.h">
      <Filter>Sources\Camera</Filter>
    </ClInclude>
    <ClInclude Include="Sources\GraphicsAPI\GraphicsResourceType.h">
      <Filter>Sources\GraphicsAPI</Filter>
    </ClInclude>
    <ClInclude Include="Sources\GraphicsAPI\IGraphics.h">
      <Filter>Sources\GraphicsAPI</Filter>
    </ClInclude>
    <ClInclude Include="Sources\GraphicsAPI\IGraphicsResource.h">
      <Filter>Sources\GraphicsAPI</Filter>
    </ClInclude>
    <ClInclude Include="Sources\GraphicsAPI\DirectX12\DX12Command.h">
      <Filter>Sources\GraphicsAPI\DirectX12</Filter>
    </ClInclude>
    <ClInclude Include="Sources\GraphicsAPI\DirectX12\DX12Device.h">
      <Filter>Sources\GraphicsAPI\DirectX12</Filter>
    </ClInclude>
    <ClInclude Include="Sources\GraphicsAPI\DirectX12\DX12Graphics.h">
      <Filter>Sources\GraphicsAPI\DirectX12</Filter>
    </ClInclude>
    <ClInclude Include="Sources\GraphicsAPI\DirectX12\DX12GraphicsResourceBuilder.h">
      <Filter>Sources\GraphicsAPI\DirectX12</Filter>
    </ClInclude>
    <ClInclude Include="Sources\GraphicsAPI\DirectX12\DX12HeapAllocator.h">
      <Filter>Sources\GraphicsAPI\DirectX12</Filter>
    </ClInclude>
    <ClInclude Include="Sources\GraphicsAPI\DirectX12\DX12Resource\IDX12Resource.h">
      <Filter>Sources\GraphicsAPI\DirectX12\DX12Resource</Filter>
    </ClInclude>
    <ClInclude Include="Sources\GraphicsAPI\DirectX12\DX12Resource\CBV\DX12ConstantBurfferView.h">
      <Filter>Sources\GraphicsAPI\DirectX12\DX12Resource\CBV</Filter>
    </ClInclude>
    <ClInclude Include="Sources\GraphicsAPI\DirectX12\DX12Resource\DSV\DX12DepthStencilView.h">
      <Filter>Sources\GraphicsAPI\DirectX12\DX12Resource\DSV</Filter>
    </ClInclude>
    <ClInclude Include="Sources\GraphicsAPI\DirectX12\DX12Resource\IBV\DX12IndexBufferView.h">
      <Filter>Sources\GraphicsAPI\DirectX12\DX12Resource\IBV</Filter>
    </ClInclude>
    <ClInclude Include="Sources\GraphicsAPI\DirectX12\DX12Resource\RTV\DX12RenderTargetView.h">
      <Filter>Sources\GraphicsAPI\DirectX12\DX12Resource\RTV</Filter>
    </ClInclude>
    <ClInclude Include="Sources\GraphicsAPI\DirectX12\DX12Resource\SRV\DX12ShaderResourceView.h">
      <Filter>Sources\GraphicsAPI\DirectX12\DX12Resource\SRV</Filter>
    </ClInclude>
    <ClInclude Include="Sources\GraphicsAPI\DirectX12\DX12Resource\VBV\DX12VertexBufferView.h">
      <Filter>Sources\GraphicsAPI\DirectX12\DX12Resource\VBV</Filter>
    </ClInclude>
    <ClInclude Include="Sources\GraphicsAPI\Shader\IShader.h">
      <Filter>Sources\GraphicsAPI\Shader</Filter>
    </ClInclude>
    <ClInclude Include="Sources\GraphicsAPI\Shader\DirectX\ComputePipeline.h">
      <Filter>Sources\GraphicsAPI\Shader\DirectX</Filter>
    </ClInclude>
    <ClInclude Include="Sources\GraphicsAPI\Shader\DirectX\GraphicsPipeline.h">
      <Filter>Sources\GraphicsAPI\Shader\DirectX</Filter>
    </ClInclude>
    <ClInclude Include="Sources\GraphicsAPI\Shader\DirectX\Shader.h">
      <Filter>Sources\GraphicsAPI\Shader\DirectX</Filter>
    </ClInclude>
    <ClInclude Include="Sources\Input\Input.h">
      <Filter>Sources\Input</Filter>
    </ClInclude>
    <ClInclude Include="Sources\Material\Material.h">
      <Filter>Sources\Material</Filter>
    </ClInclude>
    <ClInclude Include="Sources\math\math.h">
      <Filter>Sources\math</Filter>
    </ClInclude>
    <ClInclude Include="Sources\Mesh\Mesh.h">
      <Filter>Sources\Mesh</Filter>
    </ClInclude>
    <ClInclude Include="Sources\Mesh\ModelMesh.h">
      <Filter>Sources\Mesh</Filter>
    </ClInclude>
    <ClInclude Include="Sources\ModelLoader\IModelLoader.h">
      <Filter>Sources\ModelLoader</Filter>
    </ClInclude>
    <ClInclude Include="Sources\ModelLoader\FBX\FBXLoader.h">
      <Filter>Sources\ModelLoader\FBX</Filter>
    </ClInclude>
    <ClInclude Include="Sources\ModelLoader\OBJ\OBJLoader.h">
      <Filter>Sources\ModelLoader\OBJ</Filter>
    </ClInclude>
    <ClInclude Include="Sources\Param\BufferParam.h">
      <Filter>Sources\Param</Filter>
    </ClInclude>
    <ClInclude Include="Sources\Param\CubeTextureDataParam.h">
      <Filter>Sources\Param</Filter>
    </ClInclude>
    <ClInclude Include="Sources\Param\IParam.h">
      <Filter>Sources\Param</Filter>
    </ClInclude>
    <ClInclude Include="Sources\Param\ModelDrawInfoParam.h">
      <Filter>Sources\Param</Filter>
    </ClInclude>
    <ClInclude Include="Sources\Param\TextureDataParam.h">
      <Filter>Sources\Param</Filter>
    </ClInclude>
    <ClInclude Include="Sources\Scene\Scene.h">
      <Filter>Sources\Scene</Filter>
    </ClInclude>
    <ClInclude Include="Sources\System\GameSystem.h">
      <Filter>Sources\System</Filter>
    </ClInclude>
    <ClInclude Include="Sources\Texture\Texture.h">
      <Filter>Sources\Texture</Filter>
    </ClInclude>
    <ClInclude Include="Sources\Utility\utility.h">
      <Filter>Sources\Utility</Filter>
    </ClInclude>
    <ClInclude Include="Sources\Window\Winow.h">
      <Filter>Sources\Window</Filter>
    </ClInclude>
  </ItemGroup>
</Project>